# This file is autogenerated, do not edit; changes may be undone by the next 'dep ensure'.


[[projects]]
  name = "cloud.google.com/go"
  packages = ["compute/metadata"]
  revision = "a5913b3f7deecba45e98ff33cefbac4fd204ddd7"
  version = "v0.10.0"

[[projects]]
  name = "github.com/Azure/azure-sdk-for-go"
  packages = ["arm/compute","arm/network","arm/resources/resources","arm/resources/subscriptions","arm/storage","storage"]
  revision = "91f3d4a4d024e3c0d4d9412916d05cf84504a616"
  version = "v5.0.0-beta"

[[projects]]
  name = "github.com/Azure/go-ansiterm"
  packages = [".","winterm"]
  revision = "fa152c58bc15761d0200cb75fe958b89a9d4888e"

[[projects]]
  name = "github.com/Azure/go-autorest"
  packages = ["autorest","autorest/azure","autorest/date","autorest/to","autorest/validation"]
  revision = "a2fdd780c9a50455cecd249b00bdc3eb73a78e31"
  version = "v7.3.1"

[[projects]]
  name = "github.com/Microsoft/go-winio"
  packages = ["."]
  revision = "d8f60f2dd117cd64c2825143a89ecb6f158ad743"

[[projects]]
  name = "github.com/PuerkitoBio/purell"
  packages = ["."]
  revision = "0bcb03f4b4d0a9428594752bd2a3b9aa0a9d4bd4"
  version = "v1.1.0"

[[projects]]
  branch = "master"
  name = "github.com/PuerkitoBio/urlesc"
  packages = ["."]
  revision = "bbf7a2afc14f93e1e0a5c06df524fbd75e5031e5"

[[projects]]
  name = "github.com/RobotsAndPencils/go-saml"
  packages = ["util"]
  revision = "aa127de49a0111329d9dbd2e19ddf21da90eb931"

[[projects]]
  name = "github.com/Sirupsen/logrus"
  packages = ["."]
  revision = "55eb11d21d2a31a3cc93838241d04800f52e823d"

[[projects]]
  name = "github.com/ajg/form"
  packages = ["."]
  revision = "523a5da1a92f01b01f840b61689c0340a0243532"

[[projects]]
  name = "github.com/andrestc/docker-machine-driver-cloudstack"
  packages = ["."]
  revision = "c4c7ba05422cabfe88a60fb72645bee5e13a6ac8"
  version = "v0.7.0"

[[projects]]
  name = "github.com/asaskevich/govalidator"
  packages = ["."]
  revision = "4918b99a7cb949bb295f3c7bbaf24b577d806e35"
  version = "v6"

[[projects]]
  name = "github.com/aws/aws-sdk-go"
  packages = ["aws","aws/awserr","aws/awsutil","aws/client","aws/client/metadata","aws/corehandlers","aws/credentials","aws/credentials/ec2rolecreds","aws/credentials/endpointcreds","aws/credentials/stscreds","aws/defaults","aws/ec2metadata","aws/endpoints","aws/request","aws/session","aws/signer/v4","internal/shareddefaults","private/protocol","private/protocol/ec2query","private/protocol/query","private/protocol/query/queryutil","private/protocol/rest","private/protocol/xml/xmlutil","service/ec2","service/sts"]
  revision = "a5a7f553e106c0b1dcbfbdaeb8774592fcc1a68a"
  version = "v1.10.6"

[[projects]]
  name = "github.com/beorn7/perks"
  packages = ["quantile"]
  revision = "4c0e84591b9aa9e6dcfdf3e020114cd81f89d5f9"

[[projects]]
  name = "github.com/bradfitz/go-smtpd"
  packages = ["smtpd"]
  revision = "5b56f4f917c7f54e3822b9c64df54da596b63c1d"

[[projects]]
  name = "github.com/cenkalti/backoff"
  packages = ["."]
  revision = "8edc80b07f38c27352fb186d971c628a6c32552b"

[[projects]]
  branch = "master"
  name = "github.com/codahale/hdrhistogram"
  packages = ["."]
  revision = "3a0bb77429bd3a61596f5e8a3172445844342120"

[[projects]]
  name = "github.com/codegangsta/cli"
  packages = ["."]
  revision = "0bdeddeeb0f650497d603c4ad7b20cfe685682f6"
  version = "v1.19.1"

[[projects]]
  name = "github.com/codegangsta/negroni"
  packages = ["."]
  revision = "a13766a8c2572caeb14341b7de158aff2fd00fa9"

[[projects]]
  name = "github.com/davecgh/go-spew"
  packages = ["spew"]
  revision = "346938d642f2ec3594ed81d874461961cd0faa76"
  version = "v1.1.0"

[[projects]]
  name = "github.com/dgrijalva/jwt-go"
  packages = ["."]
  revision = "01aeca54ebda6e0fbfafd0a524d234159c05ec20"

[[projects]]
  name = "github.com/diego-araujo/go-saml"
  packages = [".","util"]
  revision = "81203d2425377605c5688e55dca1340b614b618d"

[[projects]]
  name = "github.com/digitalocean/godo"
  packages = [".","util"]
  revision = "dfa802149cae7e4b8eb8bdd7cbbf619dab60bea4"

[[projects]]
  name = "github.com/docker/distribution"
  packages = ["digest","reference"]
  revision = "48294d928ced5dd9b378f7fd7c6f5da3ff3f2c89"
  version = "v2.6.2"

[[projects]]
  name = "github.com/docker/docker"
  packages = ["api/types","api/types/blkiodev","api/types/container","api/types/filters","api/types/mount","api/types/network","api/types/registry","api/types/strslice","api/types/swarm","api/types/versions","opts","pkg/archive","pkg/fileutils","pkg/homedir","pkg/idtools","pkg/ioutils","pkg/jsonlog","pkg/jsonmessage","pkg/longpath","pkg/pools","pkg/promise","pkg/stdcopy","pkg/system","pkg/term","pkg/term/windows"]
  revision = "eef6495eddab52828327aade186443681ed71a4e"
  version = "v17.03.2-ce-rc1"

[[projects]]
  name = "github.com/docker/go-connections"
  packages = ["nat"]
  revision = "f549a9393d05688dff0992ef3efd8bbe6c628aeb"

[[projects]]
  name = "github.com/docker/go-units"
  packages = ["."]
  revision = "5d2041e26a699eaca682e2ea41c8f891e1060444"

[[projects]]
  name = "github.com/docker/machine"
  packages = ["commands/mcndirs","drivers/amazonec2","drivers/azure","drivers/azure/azureutil","drivers/azure/logutil","drivers/digitalocean","drivers/driverutil","drivers/errdriver","drivers/exoscale","drivers/fakedriver","drivers/generic","drivers/google","drivers/hyperv","drivers/none","drivers/openstack","drivers/rackspace","drivers/softlayer","drivers/virtualbox","drivers/vmwarefusion","drivers/vmwarevcloudair","drivers/vmwarevsphere","libmachine","libmachine/auth","libmachine/cert","libmachine/check","libmachine/drivers","libmachine/drivers/plugin","libmachine/drivers/plugin/localbinary","libmachine/drivers/rpc","libmachine/engine","libmachine/host","libmachine/log","libmachine/mcndockerclient","libmachine/mcnerror","libmachine/mcnflag","libmachine/mcnutils","libmachine/persist","libmachine/persist/persisttest","libmachine/provision","libmachine/provision/pkgaction","libmachine/provision/serviceaction","libmachine/ssh","libmachine/state","libmachine/swarm","libmachine/version","libmachine/versioncmp","version"]
  revision = "937160559e02cc430fe176991beb9a6ffbfe3de0"
  version = "v0.12.2"

[[projects]]
  name = "github.com/docker/spdystream"
  packages = [".","spdy"]
  revision = "449fdfce4d962303d702fec724ef0ad181c92528"

[[projects]]
  name = "github.com/emicklei/go-restful"
  packages = [".","log"]
  revision = "ff4f55a206334ef123e4f79bbf348980da81ca46"

[[projects]]
  name = "github.com/emicklei/go-restful-swagger12"
  packages = ["."]
  revision = "dcef7f55730566d41eae5db10e7d6981829720f6"
  version = "1.0.1"

[[projects]]
  branch = "master"
  name = "github.com/fsouza/go-dockerclient"
  packages = [".","testing"]
  revision = "a939d380adff2bdea1f17780be15789d144f313d"

[[projects]]
  name = "github.com/ghodss/yaml"
  packages = ["."]
  revision = "0ca9ea5df5451ffdf184b4428c902747c2c11cd7"
  version = "v1.0.0"

[[projects]]
  name = "github.com/go-ini/ini"
  packages = ["."]
  revision = "d3de07a94d22b4a0972deb4b96d790c2c0ce8333"
  version = "v1.28.0"

[[projects]]
  branch = "master"
  name = "github.com/go-openapi/analysis"
  packages = ["."]
  revision = "8ed83f2ea9f00f945516462951a288eaa68bf0d6"

[[projects]]
  branch = "master"
  name = "github.com/go-openapi/errors"
  packages = ["."]
  revision = "03cfca65330da08a5a440053faf994a3c682b5bf"

[[projects]]
  branch = "master"
  name = "github.com/go-openapi/jsonpointer"
  packages = ["."]
  revision = "779f45308c19820f1a69e9a4cd965f496e0da10f"

[[projects]]
  branch = "master"
  name = "github.com/go-openapi/jsonreference"
  packages = ["."]
  revision = "36d33bfe519efae5632669801b180bf1a245da3b"

[[projects]]
  branch = "master"
  name = "github.com/go-openapi/loads"
  packages = ["."]
  revision = "a80dea3052f00e5f032e860dd7355cd0cc67e24d"

[[projects]]
  branch = "master"
  name = "github.com/go-openapi/spec"
  packages = ["."]
  revision = "9cf697d99bf904e29363382a2e8c23dde5c8d377"

[[projects]]
  branch = "master"
  name = "github.com/go-openapi/strfmt"
  packages = ["."]
  revision = "93a31ef21ac23f317792fff78f9539219dd74619"

[[projects]]
  branch = "master"
  name = "github.com/go-openapi/swag"
  packages = ["."]
  revision = "f3f9494671f93fcff853e3c6e9e948b3eb71e590"

[[projects]]
  name = "github.com/gogo/protobuf"
  packages = ["proto","sortkeys"]
  revision = "c0656edd0d9eab7c66d1eb0c568f9039345796f7"

[[projects]]
  name = "github.com/golang/glog"
  packages = ["."]
  revision = "23def4e6c14b4da8ac2ed8007337bc5eb5007998"

[[projects]]
  name = "github.com/golang/protobuf"
  packages = ["proto","ptypes/any"]
  revision = "4bd1920723d7b7c925de087aa32e2187708897f7"

[[projects]]
  name = "github.com/google/go-querystring"
  packages = ["query"]
  revision = "547ef5ac979778feb2f760cdb5f4eae1a2207b86"

[[projects]]
  branch = "master"
  name = "github.com/google/gofuzz"
  packages = ["."]
  revision = "24818f796faf91cd76ec7bddd72458fbced7a6c1"

[[projects]]
  name = "github.com/google/gops"
  packages = ["agent","internal","signal"]
  revision = "fa6968806ca68b7db113256f300d82b5206a2c3c"
  version = "v0.3.1"

[[projects]]
  name = "github.com/gorilla/context"
  packages = ["."]
  revision = "708054d61e5a2918b9f4e9700000ee611dcf03f5"

[[projects]]
  name = "github.com/gorilla/mux"
  packages = ["."]
  revision = "757bef944d0f21880861c2dd9c871ca543023cba"

[[projects]]
  name = "github.com/gorilla/pat"
  packages = ["."]
  revision = "ae2e162c4b2ae96aa66b596b2c18f17834299ed0"

[[projects]]
  name = "github.com/hashicorp/go-version"
  packages = ["."]
  revision = "0181db47023708a38c2d20d2fe25a5fa034d5743"

[[projects]]
  name = "github.com/howeyc/fsnotify"
  packages = ["."]
  revision = "5102fde921d31f59c6e45d835aa01f0213aade0f"

[[projects]]
  name = "github.com/jmespath/go-jmespath"
  packages = ["."]
  revision = "3433f3ea46d9f8019119e7dd41274e112a2359a9"
  version = "0.2.2"

[[projects]]
  name = "github.com/juju/ratelimit"
  packages = ["."]
  revision = "5b9ff866471762aa2ab2dced63c9fb6f53921342"

[[projects]]
  name = "github.com/kardianos/osext"
  packages = ["."]
  revision = "10da29423eb9a6269092eebdc2be32209612d9d2"

[[projects]]
  branch = "master"
  name = "github.com/mailgun/minheap"
  packages = ["."]
  revision = "3dbe6c6bf55f94c5efcf460dc7f86830c21a90b2"

[[projects]]
  branch = "master"
  name = "github.com/mailgun/multibuf"
  packages = ["."]
  revision = "565402cd71fbd9c12aa7e295324ea357e970a61e"

[[projects]]
  branch = "master"
  name = "github.com/mailgun/timetools"
  packages = ["."]
  revision = "f3a7b8ffff474320c4f5cc564c9abb2c52ded8bc"

[[projects]]
  branch = "master"
  name = "github.com/mailgun/ttlmap"
  packages = ["."]
  revision = "c1c17f74874f2a5ea48bfb06b5459d4ef2689749"

[[projects]]
  branch = "master"
  name = "github.com/mailru/easyjson"
  packages = ["buffer","jlexer","jwriter"]
  revision = "2f5df55504ebc322e4d52d34df6a1f5b503bf26d"

[[projects]]
  name = "github.com/mattn/go-shellwords"
  packages = ["."]
  revision = "005a0944d84452842197c2108bd9168ced206f78"

[[projects]]
  name = "github.com/matttproud/golang_protobuf_extensions"
  packages = ["pbutil"]
  revision = "c12348ce28de40eed0136aa2b644d0ee0650e56c"

[[projects]]
  name = "github.com/mitchellh/mapstructure"
  packages = ["."]
  revision = "ca63d7c062ee3c9f34db231e352b60012b4fd0c1"

[[projects]]
  name = "github.com/nu7hatch/gouuid"
  packages = ["."]
  revision = "179d4d0c4d8d407a32af483c2354df1d2c91e6c3"

[[projects]]
  name = "github.com/opencontainers/runc"
  packages = ["libcontainer/system","libcontainer/user"]
  revision = "419d5be191c18eff75a3d0b2a16e20c7a9eb71db"

[[projects]]
  name = "github.com/pkg/errors"
  packages = ["."]
  revision = "839d9e913e063e28dfd0e6c7b7512793e0a48be9"

[[projects]]
  name = "github.com/prometheus/client_golang"
  packages = ["prometheus","prometheus/promhttp"]
  revision = "7993aa4cbec0531b926db082b0d589ad2e4d5e33"

[[projects]]
  name = "github.com/prometheus/client_model"
  packages = ["go"]
  revision = "fa8ad6fec33561be4280a8f0514318c79d7f6cb6"

[[projects]]
  name = "github.com/prometheus/common"
  packages = ["expfmt","internal/bitbucket.org/ww/goautoneg","model"]
  revision = "0d5de9d6d8629cb8bee6d4674da4127cd8b615a3"

[[projects]]
  name = "github.com/prometheus/procfs"
  packages = ["."]
  revision = "abf152e5f3e97f2fafac028d2cc06c1feb87ffa5"

[[projects]]
  name = "github.com/pyr/egoscale"
  packages = ["src/egoscale"]
  revision = "ab4b0d7ff424c462da486aef27f354cdeb29a319"

[[projects]]
  name = "github.com/rackspace/gophercloud"
  packages = [".","openstack","openstack/compute/v2/extensions/floatingip","openstack/compute/v2/extensions/keypairs","openstack/compute/v2/extensions/startstop","openstack/compute/v2/flavors","openstack/compute/v2/images","openstack/compute/v2/servers","openstack/identity/v2/tenants","openstack/identity/v2/tokens","openstack/identity/v3/tokens","openstack/networking/v2/extensions/layer3/floatingips","openstack/networking/v2/networks","openstack/networking/v2/ports","openstack/utils","pagination","rackspace","rackspace/identity/v2/tokens","testhelper","testhelper/client"]
  revision = "c90cb954266e1bdd6d1914678fd6909fc5fabbfa"

[[projects]]
  name = "github.com/sajari/fuzzy"
  packages = ["."]
  revision = "bbbcac964e38148a7b43491a83d83b6b584600dc"

[[projects]]
  name = "github.com/samalba/dockerclient"
  packages = ["."]
  revision = "a3036261847103270e9f732509f43b5f98710ace"

[[projects]]
  branch = "master"
  name = "github.com/spf13/pflag"
  packages = ["."]
  revision = "e57e3eeb33f795204c1ca35f56c44f83227c6e66"

[[projects]]
  name = "github.com/tent/http-link-go"
  packages = ["."]
  revision = "ac974c61c2f990f4115b119354b5e0b47550e888"

[[projects]]
  branch = "master"
  name = "github.com/tsuru/commandmocker"
  packages = ["."]
  revision = "e1d28f4f616a8ce693e9c708366b515e9e4d40a7"

[[projects]]
  branch = "master"
  name = "github.com/tsuru/config"
  packages = ["."]
  revision = "1d2644c598466bc4c36c2c878abf3f99ba5bb3ed"

[[projects]]
  branch = "master"
  name = "github.com/tsuru/docker-cluster"
  packages = ["cluster","log","storage","storage/mongodb"]
  revision = "9f4ce1fd6f06810a8b19826b859426311898261d"

[[projects]]
  name = "github.com/tsuru/gandalf"
  packages = ["db","fs","gandalftest","multipartzip","repository","user"]
  revision = "fb303857acdb4ceab3ded5a584384e4195138d97"

[[projects]]
  branch = "master"
  name = "github.com/tsuru/gnuflag"
  packages = ["."]
  revision = "86b8c1b864aadcf9c94d67bc607ce3f19cbb9aa2"

[[projects]]
  branch = "master"
  name = "github.com/tsuru/go-gandalfclient"
  packages = ["."]
  revision = "9d375d012f7516a6a5fcad06ae4c305e4dd9240a"

[[projects]]
  branch = "master"
  name = "github.com/tsuru/monsterqueue"
  packages = [".","log","mongodb"]
  revision = "70e946ec66c3704722539ebf0b8beadf2d43146a"

[[projects]]
  name = "github.com/ugorji/go"
  packages = ["codec"]
  revision = "faddd6128c66c4708f45fdc007f575f75e592a3c"

[[projects]]
  name = "github.com/vmware/govcloudair"
  packages = [".","types/v56"]
  revision = "66a23eaabc61518f91769939ff541886fe1dceef"
  version = "v0.0.2"

[[projects]]
  name = "github.com/vmware/govmomi"
  packages = [".","find","guest","list","object","property","session","task","vim25","vim25/debug","vim25/methods","vim25/mo","vim25/progress","vim25/soap","vim25/types","vim25/xml"]
  revision = "b932baf416e9101c762b7075f12af5a6fb364627"

[[projects]]
  branch = "master"
  name = "github.com/vulcand/oxy"
  packages = ["buffer","cbreaker","connlimit","forward","memmetrics","ratelimit","roundrobin","trace","utils"]
  revision = "77cbabd3c3e8d8f236b5327281eda4a0533251d3"

[[projects]]
  name = "github.com/vulcand/predicate"
  packages = ["."]
  revision = "cb0bff91a7ab7cf7571e661ff883fc997bc554a3"

[[projects]]
  name = "github.com/vulcand/route"
  packages = ["."]
  revision = "cb89d787ddbb1c5849a7ac9f79004c1fd12a4a32"

[[projects]]
  branch = "master"
  name = "github.com/vulcand/vulcand"
  packages = ["anomaly","api","conntracker","engine","engine/memng","plugin","plugin/cbreaker","plugin/connlimit","plugin/ratelimit","plugin/registry","plugin/rewrite","plugin/trace","router","utils/json"]
  revision = "ae1193ce520e408342779b3a2b8cbc5153b0b0fd"

[[projects]]
  name = "github.com/xanzy/go-cloudstack"
  packages = ["cloudstack"]
  revision = "5686bcde5af20565d8c7a3f66b5441430ac54186"

[[projects]]
  name = "golang.org/x/crypto"
  packages = ["bcrypt","blowfish","curve25519","ed25519","ed25519/internal/edwards25519","ssh","ssh/terminal"]
  revision = "5ef0053f77724838734b6945dd364d3847e5de1d"

[[projects]]
  branch = "master"
  name = "golang.org/x/net"
  packages = ["context","context/ctxhttp","http2","http2/hpack","idna","internal/timeseries","lex/httplex","trace","websocket"]
  revision = "570fa1c91359c1869590e9cedf3b53162a51a167"

[[projects]]
  name = "golang.org/x/oauth2"
  packages = [".","google","internal","jws","jwt"]
  revision = "a6bd8cefa1811bd24b86f8902872e4e8225f74c4"

[[projects]]
  branch = "master"
  name = "golang.org/x/sys"
  packages = ["unix","windows","windows/registry"]
  revision = "4ed4d404df456f81e878683a0363ed3013a59003"

[[projects]]
  branch = "master"
  name = "golang.org/x/text"
  packages = ["internal/gen","internal/triegen","internal/ucd","secure/bidirule","transform","unicode/bidi","unicode/cldr","unicode/norm","unicode/rangetable","width"]
  revision = "2bf8f2a19ec09c670e931282edfe6567f6be21c9"

[[projects]]
  branch = "master"
  name = "google.golang.org/api"
  packages = ["compute/v1","container/v1","gensupport","googleapi","googleapi/internal/uritemplates","googleapi/transport","internal","option","transport"]
  revision = "e6586c9293b9d514c7f5d5076731ec977cff1be6"

[[projects]]
  name = "google.golang.org/appengine"
  packages = [".","internal","internal/app_identity","internal/base","internal/datastore","internal/log","internal/modules","internal/remote_api","internal/socket","internal/urlfetch","socket","urlfetch"]
  revision = "150dc57a1b433e64154302bdc40b6bb8aefa313a"
  version = "v1.0.0"

[[projects]]
  branch = "master"
  name = "google.golang.org/genproto"
  packages = ["googleapis/rpc/status"]
  revision = "aa2eb687b4d3e17154372564ad8d6bf11c3cf21f"

[[projects]]
  name = "google.golang.org/grpc"
  packages = [".","codes","credentials","credentials/oauth","grpclb/grpc_lb_v1","grpclog","internal","keepalive","metadata","naming","peer","stats","status","tap","transport"]
  revision = "b15215fb911b24a5d61d57feec4233d610530464"
  version = "v1.4.2"

[[projects]]
  branch = "v3"
  name = "gopkg.in/amz.v3"
  packages = ["aws","ec2","ec2/ec2test"]
  revision = "8c3190dff075bf5442c9eedbf8f8ed6144a099e7"

[[projects]]
  branch = "v1"
  name = "gopkg.in/bsm/ratelimit.v1"
  packages = ["."]
  revision = "db14e161995a5177acef654cb0dd785e8ee8bc22"

[[projects]]
  branch = "v1"
  name = "gopkg.in/check.v1"
  packages = ["."]
  revision = "20d25e2804050c1cd24a7eea1e7a6447dd0e74ec"

[[projects]]
  name = "gopkg.in/inf.v0"
  packages = ["."]
  revision = "3887ee99ecf07df5b447e9b00d9c0b2adaa9f3e4"
  version = "v0.9.0"

[[projects]]
  branch = "v2"
  name = "gopkg.in/mgo.v2"
  packages = [".","bson","internal/json","internal/sasl","internal/scram"]
  revision = "3f83fa5005286a7fe593b055f0d7771a7dce4655"

[[projects]]
  name = "gopkg.in/redis.v3"
  packages = [".","internal","internal/consistenthash","internal/hashtag","internal/pool"]
  revision = "b5e368500d0a508ef8f16e9c2d4025a8a46bcc29"
  version = "v3.6.4"

[[projects]]
  name = "gopkg.in/yaml.v2"
  packages = ["."]
  revision = "53feefa2559fb8dfa8d81baad31be332c97d6c77"

[[projects]]
  name = "k8s.io/apimachinery"
  packages = ["pkg/api/equality","pkg/api/errors","pkg/api/meta","pkg/api/resource","pkg/apimachinery","pkg/apimachinery/announced","pkg/apimachinery/registered","pkg/apis/meta/v1","pkg/apis/meta/v1/unstructured","pkg/apis/meta/v1alpha1","pkg/conversion","pkg/conversion/queryparams","pkg/conversion/unstructured","pkg/fields","pkg/labels","pkg/openapi","pkg/runtime","pkg/runtime/schema","pkg/runtime/serializer","pkg/runtime/serializer/json","pkg/runtime/serializer/protobuf","pkg/runtime/serializer/recognizer","pkg/runtime/serializer/streaming","pkg/runtime/serializer/versioning","pkg/selection","pkg/types","pkg/util/clock","pkg/util/diff","pkg/util/errors","pkg/util/framer","pkg/util/httpstream","pkg/util/httpstream/spdy","pkg/util/intstr","pkg/util/json","pkg/util/net","pkg/util/rand","pkg/util/remotecommand","pkg/util/runtime","pkg/util/sets","pkg/util/validation","pkg/util/validation/field","pkg/util/wait","pkg/util/yaml","pkg/version","pkg/watch","third_party/forked/golang/netutil","third_party/forked/golang/reflect"]
  revision = "1fd2e63a9a370677308a42f24fd40c86438afddf"

[[projects]]
  name = "k8s.io/client-go"
  packages = ["discovery","discovery/fake","kubernetes","kubernetes/fake","kubernetes/scheme","kubernetes/typed/admissionregistration/v1alpha1","kubernetes/typed/admissionregistration/v1alpha1/fake","kubernetes/typed/apps/v1beta1","kubernetes/typed/apps/v1beta1/fake","kubernetes/typed/authentication/v1","kubernetes/typed/authentication/v1/fake","kubernetes/typed/authentication/v1beta1","kubernetes/typed/authentication/v1beta1/fake","kubernetes/typed/authorization/v1","kubernetes/typed/authorization/v1/fake","kubernetes/typed/authorization/v1beta1","kubernetes/typed/authorization/v1beta1/fake","kubernetes/typed/autoscaling/v1","kubernetes/typed/autoscaling/v1/fake","kubernetes/typed/autoscaling/v2alpha1","kubernetes/typed/autoscaling/v2alpha1/fake","kubernetes/typed/batch/v1","kubernetes/typed/batch/v1/fake","kubernetes/typed/batch/v2alpha1","kubernetes/typed/batch/v2alpha1/fake","kubernetes/typed/certificates/v1beta1","kubernetes/typed/certificates/v1beta1/fake","kubernetes/typed/core/v1","kubernetes/typed/core/v1/fake","kubernetes/typed/extensions/v1beta1","kubernetes/typed/extensions/v1beta1/fake","kubernetes/typed/networking/v1","kubernetes/typed/networking/v1/fake","kubernetes/typed/policy/v1beta1","kubernetes/typed/policy/v1beta1/fake","kubernetes/typed/rbac/v1alpha1","kubernetes/typed/rbac/v1alpha1/fake","kubernetes/typed/rbac/v1beta1","kubernetes/typed/rbac/v1beta1/fake","kubernetes/typed/settings/v1alpha1","kubernetes/typed/settings/v1alpha1/fake","kubernetes/typed/storage/v1","kubernetes/typed/storage/v1/fake","kubernetes/typed/storage/v1beta1","kubernetes/typed/storage/v1beta1/fake","pkg/api","pkg/api/v1","pkg/api/v1/ref","pkg/apis/admissionregistration","pkg/apis/admissionregistration/v1alpha1","pkg/apis/apps","pkg/apis/apps/v1beta1","pkg/apis/authentication","pkg/apis/authentication/v1","pkg/apis/authentication/v1beta1","pkg/apis/authorization","pkg/apis/authorization/v1","pkg/apis/authorization/v1beta1","pkg/apis/autoscaling","pkg/apis/autoscaling/v1","pkg/apis/autoscaling/v2alpha1","pkg/apis/batch","pkg/apis/batch/v1","pkg/apis/batch/v2alpha1","pkg/apis/certificates","pkg/apis/certificates/v1beta1","pkg/apis/extensions","pkg/apis/extensions/v1beta1","pkg/apis/networking","pkg/apis/networking/v1","pkg/apis/policy","pkg/apis/policy/v1beta1","pkg/apis/rbac","pkg/apis/rbac/v1alpha1","pkg/apis/rbac/v1beta1","pkg/apis/settings","pkg/apis/settings/v1alpha1","pkg/apis/storage","pkg/apis/storage/v1","pkg/apis/storage/v1beta1","pkg/util","pkg/util/parsers","pkg/version","rest","rest/watch","testing","tools/clientcmd/api","tools/metrics","tools/remotecommand","transport","util/cert","util/exec","util/flowcontrol","util/integer"]
  revision = "d92e8497f71b7b4e0494e5bd204b48d34bd6f254"
  version = "v4.0.0"

[solve-meta]
  analyzer-name = "dep"
  analyzer-version = 1
  inputs-digest = "3349ac4a87687980d82784a50d66a696caae979a963e834044077cdee2a4d84e"
  solver-name = "gps-cdcl"
  solver-version = 1
